github.com/ruts48code/random4ruts v0.0.0-20240313075618-4dea7e44a30a h1:go0ZS1mQr2Du1ZaP/071azR0yOgDOeSWdglSoD4SdD8=
github.com/ruts48code/random4ruts v0.0.0-20240313075618-4dea7e44a30a/go.mod h1:6D/Vr/ytkNgvU7HVu1/+tQtpDXJvdMXxuiDTiTqtJ7o=
github.com/ruts48code/random4ruts v0.0.0-20240313083834-115f46b90008 h1:1onihqkMuIQz27S/EsdT9gIjGSHuU2Etg5RKZY3/rYI=
github.com/ruts48code/random4ruts v0.0.0-20240313083834-115f46b90008/go.mod h1:6D/Vr/ytkNgvU7HVu1/+tQtpDXJvdMXxuiDTiTqtJ7o=
